<Solution>
    <Folder Name="/Solution Items/">
        <File Path="Directory.Packages.props" />
    </Folder>
    <Project Path="AvaloniaWebTest.Browser\AvaloniaWebTest.Browser.csproj" />
    <Project Path="AvaloniaWebTest.Desktop\AvaloniaWebTest.Desktop.csproj" />
    <Project Path="AvaloniaWebTest\AvaloniaWebTest.csproj" />
</Solution>
